
Microsoft Visual Studio Solution File, Format Version 12.00
# Visual Studio 14
VisualStudioVersion = 14.0.25123.0
MinimumVisualStudioVersion = 10.0.40219.1
Project("{D053649A-D355-4A8A-9E06-86551CFF410E}") = "Sitecore.Support.117471", "Sitecore.Support.117471\Sitecore.Support.117471.csproj", "{7A717C4B-C801-4AEB-A974-629F375E497F}"
EndProject
Global
	GlobalSection(SolutionConfigurationPlatforms) = preSolution
		Debug|Any CPU = Debug|Any CPU
		Release|Any CPU = Release|Any CPU
	EndGlobalSection
	GlobalSection(ProjectConfigurationPlatforms) = postSolution
		{7A717C4B-C801-4AEB-A974-629F375E497F}.Debug|Any CPU.ActiveCfg = Debug|Any CPU
		{7A717C4B-C801-4AEB-A974-629F375E497F}.Debug|Any CPU.Build.0 = Debug|Any CPU
		{7A717C4B-C801-4AEB-A974-629F375E497F}.Release|Any CPU.ActiveCfg = Release|Any CPU
		{7A717C4B-C801-4AEB-A974-629F375E497F}.Release|Any CPU.Build.0 = Release|Any CPU
	EndGlobalSection
	GlobalSection(SolutionProperties) = preSolution
		HideSolutionNode = FALSE
	EndGlobalSection
EndGlobal
